<?xml version="1.0" encoding="utf-8"?>
<Project ToolsVersion="4.0" xmlns="http://schemas.microsoft.com/developer/msbuild/2003">
  <ItemGroup>
    <Filter Include="Source Files">
      <UniqueIdentifier>{4FC737F1-C7A5-4376-A066-2A32D752A2FF}</UniqueIdentifier>
      <Extensions>cpp;c;cc;cxx;def;odl;idl;hpj;bat;asm;asmx</Extensions>
    </Filter>
    <Filter Include="Header Files">
      <UniqueIdentifier>{93995380-89BD-4b04-88EB-625FBE52EBFB}</UniqueIdentifier>
      <Extensions>h;hh;hpp;hxx;hm;inl;inc;xsd</Extensions>
    </Filter>
    <Filter Include="Resource Files">
      <UniqueIdentifier>{67DA6AB6-F800-4c08-8B7A-83BB121AAD01}</UniqueIdentifier>
      <Extensions>rc;ico;cur;bmp;dlg;rc2;rct;bin;rgs;gif;jpg;jpeg;jpe;resx;tiff;tif;png;wav;mfcribbon-ms</Extensions>
    </Filter>
  </ItemGroup>
  <ItemGroup>
    <Text Include="ReadMe.txt" />
  </ItemGroup>
  <ItemGroup>
    <ClInclude Include="Test.h">
      <Filter>Header Files</Filter>
    </ClInclude>
    <ClInclude Include="TestDlg.h">
      <Filter>Header Files</Filter>
    </ClInclude>
    <ClInclude Include="stdafx.h">
      <Filter>Header Files</Filter>
    </ClInclude>
    <ClInclude Include="targetver.h">
      <Filter>Header Files</Filter>
    </ClInclude>
    <ClInclude Include="Resource.h">
      <Filter>Header Files</Filter>
    </ClInclude>
    <ClInclude Include="CritSecDlg.h">
      <Filter>Header Files</Filter>
    </ClInclude>
    <ClInclude Include="CaseFunctions.h">
      <Filter>Header Files</Filter>
    </ClInclude>
    <ClInclude Include="HiCPUDlg.h">
      <Filter>Header Files</Filter>
    </ClInclude>
    <ClInclude Include="InterProcWaitDlg.h">
      <Filter>Header Files</Filter>
    </ClInclude>
    <ClInclude Include="ExpDlg.h">
      <Filter>Header Files</Filter>
    </ClInclude>
    <ClInclude Include="VirtualAllocDlg.h">
      <Filter>Header Files</Filter>
    </ClInclude>
    <ClInclude Include="VirtualAllocOpsDlg.h">
      <Filter>Header Files</Filter>
    </ClInclude>
    <ClInclude Include="VirtualAllocOpsNew.h">
      <Filter>Header Files</Filter>
    </ClInclude>
    <ClInclude Include="VirtualAllocOpsCommit.h">
      <Filter>Header Files</Filter>
    </ClInclude>
    <ClInclude Include="FGIOCreateAndWriteDlg.h">
      <Filter>Header Files</Filter>
    </ClInclude>
    <ClInclude Include="HeapOperations.h">
      <Filter>Header Files</Filter>
    </ClInclude>
    <ClInclude Include="VirtualAllocIncrease.h">
      <Filter>Header Files</Filter>
    </ClInclude>
    <ClInclude Include="HiCPUHiIODlg.h">
      <Filter>Header Files</Filter>
    </ClInclude>
    <ClInclude Include="BscProcTest.h">
      <Filter>Header Files</Filter>
    </ClInclude>
    <ClInclude Include="ProcHandler.h">
      <Filter>Header Files</Filter>
    </ClInclude>
    <ClInclude Include="ThreadHandler.h">
      <Filter>Header Files</Filter>
    </ClInclude>
    <ClInclude Include="BscThreadTestDlg.h">
      <Filter>Header Files</Filter>
    </ClInclude>
    <ClInclude Include="BscHandleTestDlg.h">
      <Filter>Header Files</Filter>
    </ClInclude>
    <ClInclude Include="FileHandler.h">
      <Filter>Header Files</Filter>
    </ClInclude>
    <ClInclude Include="MutexHandler.h">
      <Filter>Header Files</Filter>
    </ClInclude>
  </ItemGroup>
  <ItemGroup>
    <ClCompile Include="Test.cpp">
      <Filter>Source Files</Filter>
    </ClCompile>
    <ClCompile Include="TestDlg.cpp">
      <Filter>Source Files</Filter>
    </ClCompile>
    <ClCompile Include="stdafx.cpp">
      <Filter>Source Files</Filter>
    </ClCompile>
    <ClCompile Include="CritSecDlg.cpp">
      <Filter>Source Files</Filter>
    </ClCompile>
    <ClCompile Include="CaseFunctions.cpp">
      <Filter>Source Files</Filter>
    </ClCompile>
    <ClCompile Include="HiCPUDlg.cpp">
      <Filter>Source Files</Filter>
    </ClCompile>
    <ClCompile Include="InterProcWaitDlg.cpp">
      <Filter>Source Files</Filter>
    </ClCompile>
    <ClCompile Include="ExpDlg.cpp">
      <Filter>Source Files</Filter>
    </ClCompile>
    <ClCompile Include="VirtualAllocDlg.cpp">
      <Filter>Source Files</Filter>
    </ClCompile>
    <ClCompile Include="VirtualAllocOpsDlg.cpp">
      <Filter>Source Files</Filter>
    </ClCompile>
    <ClCompile Include="VirtualAllocOpsNew.cpp">
      <Filter>Source Files</Filter>
    </ClCompile>
    <ClCompile Include="VirtualAllocOpsCommit.cpp">
      <Filter>Source Files</Filter>
    </ClCompile>
    <ClCompile Include="FGIOCreateAndWriteDlg.cpp">
      <Filter>Source Files</Filter>
    </ClCompile>
    <ClCompile Include="HeapOperations.cpp">
      <Filter>Source Files</Filter>
    </ClCompile>
    <ClCompile Include="VirtualAllocIncrease.cpp">
      <Filter>Source Files</Filter>
    </ClCompile>
    <ClCompile Include="HiCPUHiIODlg.cpp">
      <Filter>Source Files</Filter>
    </ClCompile>
    <ClCompile Include="BscProcTest.cpp">
      <Filter>Source Files</Filter>
    </ClCompile>
    <ClCompile Include="ProcHandler.cpp">
      <Filter>Source Files</Filter>
    </ClCompile>
    <ClCompile Include="ThreadHandler.cpp">
      <Filter>Source Files</Filter>
    </ClCompile>
    <ClCompile Include="BscThreadTestDlg.cpp">
      <Filter>Source Files</Filter>
    </ClCompile>
    <ClCompile Include="BscHandleTestDlg.cpp">
      <Filter>Source Files</Filter>
    </ClCompile>
    <ClCompile Include="FileHandler.cpp">
      <Filter>Source Files</Filter>
    </ClCompile>
    <ClCompile Include="MutexHandler.cpp">
      <Filter>Source Files</Filter>
    </ClCompile>
  </ItemGroup>
  <ItemGroup>
    <ResourceCompile Include="Test.rc">
      <Filter>Resource Files</Filter>
    </ResourceCompile>
  </ItemGroup>
  <ItemGroup>
    <None Include="res\Test.rc2">
      <Filter>Resource Files</Filter>
    </None>
    <None Include="ClassDiagram.cd" />
    <None Include="ClassDiagram1.cd" />
    <None Include="ClassDiagram2.cd" />
  </ItemGroup>
  <ItemGroup>
    <Image Include="res\Test.ico">
      <Filter>Resource Files</Filter>
    </Image>
    <Image Include="..\images\GreenSmall.jpg">
      <Filter>Resource Files</Filter>
    </Image>
    <Image Include="..\images\RedSmall.jpg">
      <Filter>Resource Files</Filter>
    </Image>
  </ItemGroup>
</Project>